// !$*UTF8*$!
{
	archiveVersion = 1;
	classes = {
	};
	objectVersion = 56;
	objects = {

/* Begin PBXBuildFile section */
		39074547290FEE6F004AE0BA /* ImageScrollView.swift in Sources */ = {isa = PBXBuildFile; fileRef = 39074546290FEE6F004AE0BA /* ImageScrollView.swift */; };
		3907454929103020004AE0BA /* PersonModel.swift in Sources */ = {isa = PBXBuildFile; fileRef = 3907454829103020004AE0BA /* PersonModel.swift */; };
		3907454C2916CA92004AE0BA /* StrikeString.swift in Sources */ = {isa = PBXBuildFile; fileRef = 3907454B2916CA92004AE0BA /* StrikeString.swift */; };
		3907455129187790004AE0BA /* CartCellTV.swift in Sources */ = {isa = PBXBuildFile; fileRef = 3907455029187790004AE0BA /* CartCellTV.swift */; };
		3907455329187857004AE0BA /* ShoppingCart.swift in Sources */ = {isa = PBXBuildFile; fileRef = 3907455229187857004AE0BA /* ShoppingCart.swift */; };
		3907455529187B8D004AE0BA /* PriceCellTV.swift in Sources */ = {isa = PBXBuildFile; fileRef = 3907455429187B8D004AE0BA /* PriceCellTV.swift */; };
		39074557291A72B7004AE0BA /* NotificationPopup.swift in Sources */ = {isa = PBXBuildFile; fileRef = 39074556291A72B7004AE0BA /* NotificationPopup.swift */; };
		39074559291A842C004AE0BA /* OrderPopup.swift in Sources */ = {isa = PBXBuildFile; fileRef = 39074558291A842C004AE0BA /* OrderPopup.swift */; };
		3907455C291A9B12004AE0BA /* OrdersModel.swift in Sources */ = {isa = PBXBuildFile; fileRef = 3907455B291A9B12004AE0BA /* OrdersModel.swift */; };
		3907455E291AA117004AE0BA /* Orders.swift in Sources */ = {isa = PBXBuildFile; fileRef = 3907455D291AA117004AE0BA /* Orders.swift */; };
		39074561291AA71D004AE0BA /* OrderCell.swift in Sources */ = {isa = PBXBuildFile; fileRef = 39074560291AA71D004AE0BA /* OrderCell.swift */; };
		39074563291D477F004AE0BA /* DefaultUIClasses.swift in Sources */ = {isa = PBXBuildFile; fileRef = 39074562291D477F004AE0BA /* DefaultUIClasses.swift */; };
		390745652921100E004AE0BA /* CurentOrder.swift in Sources */ = {isa = PBXBuildFile; fileRef = 390745642921100E004AE0BA /* CurentOrder.swift */; };
		3907456729211E1E004AE0BA /* UIlabel_EasyLayout.swift in Sources */ = {isa = PBXBuildFile; fileRef = 3907456629211E1E004AE0BA /* UIlabel_EasyLayout.swift */; };
		390745692924ED92004AE0BA /* ResultsTableViewController.swift in Sources */ = {isa = PBXBuildFile; fileRef = 390745682924ED92004AE0BA /* ResultsTableViewController.swift */; };
		390ED14228FEC06900F45C27 /* FavoriteProducts.swift in Sources */ = {isa = PBXBuildFile; fileRef = 390ED14128FEC06900F45C27 /* FavoriteProducts.swift */; };
		390ED1442900386900F45C27 /* ViewControllerPreview.swift in Sources */ = {isa = PBXBuildFile; fileRef = 390ED1432900386900F45C27 /* ViewControllerPreview.swift */; };
		390ED1462901454500F45C27 /* CollectionViewManageData.swift in Sources */ = {isa = PBXBuildFile; fileRef = 390ED1452901454500F45C27 /* CollectionViewManageData.swift */; };
		390ED1482901778B00F45C27 /* FiltersModel.swift in Sources */ = {isa = PBXBuildFile; fileRef = 390ED1472901778A00F45C27 /* FiltersModel.swift */; };
		390ED14B2902B0FE00F45C27 /* ProductsCell.swift in Sources */ = {isa = PBXBuildFile; fileRef = 390ED14A2902B0FE00F45C27 /* ProductsCell.swift */; };
		390ED14D2902C1AD00F45C27 /* ProductsMenuCell.swift in Sources */ = {isa = PBXBuildFile; fileRef = 390ED14C2902C1AD00F45C27 /* ProductsMenuCell.swift */; };
		390ED1502902D5FF00F45C27 /* CreateSection.swift in Sources */ = {isa = PBXBuildFile; fileRef = 390ED14F2902D5FF00F45C27 /* CreateSection.swift */; };
		390ED1522902E82B00F45C27 /* ViewControllersHelper.swift in Sources */ = {isa = PBXBuildFile; fileRef = 390ED1512902E82B00F45C27 /* ViewControllersHelper.swift */; };
		391C58852906B6A3003E58F6 /* CartCellCV.swift in Sources */ = {isa = PBXBuildFile; fileRef = 391C58842906B6A3003E58F6 /* CartCellCV.swift */; };
		391C58872906C76A003E58F6 /* PriceCellCV.swift in Sources */ = {isa = PBXBuildFile; fileRef = 391C58862906C76A003E58F6 /* PriceCellCV.swift */; };
		399AAB2F28F6E82B003B2037 /* AppDelegate.swift in Sources */ = {isa = PBXBuildFile; fileRef = 399AAB2E28F6E82B003B2037 /* AppDelegate.swift */; };
		399AAB3128F6E82B003B2037 /* SceneDelegate.swift in Sources */ = {isa = PBXBuildFile; fileRef = 399AAB3028F6E82B003B2037 /* SceneDelegate.swift */; };
		399AAB3328F6E82B003B2037 /* Home.swift in Sources */ = {isa = PBXBuildFile; fileRef = 399AAB3228F6E82B003B2037 /* Home.swift */; };
		399AAB3828F6E82C003B2037 /* Assets.xcassets in Resources */ = {isa = PBXBuildFile; fileRef = 399AAB3728F6E82C003B2037 /* Assets.xcassets */; };
		399AAB3B28F6E82C003B2037 /* LaunchScreen.storyboard in Resources */ = {isa = PBXBuildFile; fileRef = 399AAB3928F6E82C003B2037 /* LaunchScreen.storyboard */; };
		399AAB4528F6EAF8003B2037 /* TabBar.swift in Sources */ = {isa = PBXBuildFile; fileRef = 399AAB4428F6EAF8003B2037 /* TabBar.swift */; };
		399AAB4828F6EB4E003B2037 /* ColorHex.swift in Sources */ = {isa = PBXBuildFile; fileRef = 399AAB4728F6EB4E003B2037 /* ColorHex.swift */; };
		399AAB4A28F6ECA6003B2037 /* ProductCard.swift in Sources */ = {isa = PBXBuildFile; fileRef = 399AAB4928F6ECA6003B2037 /* ProductCard.swift */; };
		399AAB4D28F706F5003B2037 /* SelfConfiguringCell.swift in Sources */ = {isa = PBXBuildFile; fileRef = 399AAB4C28F706F5003B2037 /* SelfConfiguringCell.swift */; };
		399AAB5028F70788003B2037 /* DiscountsCell.swift in Sources */ = {isa = PBXBuildFile; fileRef = 399AAB4F28F70788003B2037 /* DiscountsCell.swift */; };
		399AAB5328F708EF003B2037 /* NewestCell.swift in Sources */ = {isa = PBXBuildFile; fileRef = 399AAB5228F708EF003B2037 /* NewestCell.swift */; };
		399AAB5528F7091A003B2037 /* TopRatedCell.swift in Sources */ = {isa = PBXBuildFile; fileRef = 399AAB5428F7091A003B2037 /* TopRatedCell.swift */; };
		399AAB5928F72B4B003B2037 /* SearchAndList.swift in Sources */ = {isa = PBXBuildFile; fileRef = 399AAB5828F72B4B003B2037 /* SearchAndList.swift */; };
		399AAB5B28F72B93003B2037 /* ShoppingCartCollectionView.swift in Sources */ = {isa = PBXBuildFile; fileRef = 399AAB5A28F72B93003B2037 /* ShoppingCartCollectionView.swift */; };
		399AAB5D28F72BCF003B2037 /* Person.swift in Sources */ = {isa = PBXBuildFile; fileRef = 399AAB5C28F72BCF003B2037 /* Person.swift */; };
		399AAB5F28F84477003B2037 /* Header.swift in Sources */ = {isa = PBXBuildFile; fileRef = 399AAB5E28F84477003B2037 /* Header.swift */; };
		399AAB6328F9782B003B2037 /* DiscountsPopup.swift in Sources */ = {isa = PBXBuildFile; fileRef = 399AAB6228F9782B003B2037 /* DiscountsPopup.swift */; };
		399AAB6928FD99D7003B2037 /* MenuCell.swift in Sources */ = {isa = PBXBuildFile; fileRef = 399AAB6828FD99D7003B2037 /* MenuCell.swift */; };
		399AAB6E28FDA02A003B2037 /* ProductsViewController.swift in Sources */ = {isa = PBXBuildFile; fileRef = 399AAB6D28FDA02A003B2037 /* ProductsViewController.swift */; };
		399AAB7028FEA8C5003B2037 /* ProductModel.swift in Sources */ = {isa = PBXBuildFile; fileRef = 399AAB6F28FEA8C5003B2037 /* ProductModel.swift */; };
/* End PBXBuildFile section */

/* Begin PBXFileReference section */
		39074546290FEE6F004AE0BA /* ImageScrollView.swift */ = {isa = PBXFileReference; lastKnownFileType = sourcecode.swift; path = ImageScrollView.swift; sourceTree = "<group>"; };
		3907454829103020004AE0BA /* PersonModel.swift */ = {isa = PBXFileReference; lastKnownFileType = sourcecode.swift; path = PersonModel.swift; sourceTree = "<group>"; };
		3907454B2916CA92004AE0BA /* StrikeString.swift */ = {isa = PBXFileReference; lastKnownFileType = sourcecode.swift; path = StrikeString.swift; sourceTree = "<group>"; };
		3907455029187790004AE0BA /* CartCellTV.swift */ = {isa = PBXFileReference; lastKnownFileType = sourcecode.swift; path = CartCellTV.swift; sourceTree = "<group>"; };
		3907455229187857004AE0BA /* ShoppingCart.swift */ = {isa = PBXFileReference; lastKnownFileType = sourcecode.swift; path = ShoppingCart.swift; sourceTree = "<group>"; };
		3907455429187B8D004AE0BA /* PriceCellTV.swift */ = {isa = PBXFileReference; lastKnownFileType = sourcecode.swift; path = PriceCellTV.swift; sourceTree = "<group>"; };
		39074556291A72B7004AE0BA /* NotificationPopup.swift */ = {isa = PBXFileReference; lastKnownFileType = sourcecode.swift; path = NotificationPopup.swift; sourceTree = "<group>"; };
		39074558291A842C004AE0BA /* OrderPopup.swift */ = {isa = PBXFileReference; lastKnownFileType = sourcecode.swift; path = OrderPopup.swift; sourceTree = "<group>"; };
		3907455B291A9B12004AE0BA /* OrdersModel.swift */ = {isa = PBXFileReference; lastKnownFileType = sourcecode.swift; path = OrdersModel.swift; sourceTree = "<group>"; };
		3907455D291AA117004AE0BA /* Orders.swift */ = {isa = PBXFileReference; lastKnownFileType = sourcecode.swift; path = Orders.swift; sourceTree = "<group>"; };
		39074560291AA71D004AE0BA /* OrderCell.swift */ = {isa = PBXFileReference; lastKnownFileType = sourcecode.swift; path = OrderCell.swift; sourceTree = "<group>"; };
		39074562291D477F004AE0BA /* DefaultUIClasses.swift */ = {isa = PBXFileReference; lastKnownFileType = sourcecode.swift; path = DefaultUIClasses.swift; sourceTree = "<group>"; };
		390745642921100E004AE0BA /* CurentOrder.swift */ = {isa = PBXFileReference; lastKnownFileType = sourcecode.swift; path = CurentOrder.swift; sourceTree = "<group>"; };
		3907456629211E1E004AE0BA /* UIlabel_EasyLayout.swift */ = {isa = PBXFileReference; lastKnownFileType = sourcecode.swift; path = UIlabel_EasyLayout.swift; sourceTree = "<group>"; };
		390745682924ED92004AE0BA /* ResultsTableViewController.swift */ = {isa = PBXFileReference; lastKnownFileType = sourcecode.swift; path = ResultsTableViewController.swift; sourceTree = "<group>"; };
		390ED14128FEC06900F45C27 /* FavoriteProducts.swift */ = {isa = PBXFileReference; lastKnownFileType = sourcecode.swift; path = FavoriteProducts.swift; sourceTree = "<group>"; };
		390ED1432900386900F45C27 /* ViewControllerPreview.swift */ = {isa = PBXFileReference; lastKnownFileType = sourcecode.swift; path = ViewControllerPreview.swift; sourceTree = "<group>"; };
		390ED1452901454500F45C27 /* CollectionViewManageData.swift */ = {isa = PBXFileReference; lastKnownFileType = sourcecode.swift; path = CollectionViewManageData.swift; sourceTree = "<group>"; };
		390ED1472901778A00F45C27 /* FiltersModel.swift */ = {isa = PBXFileReference; lastKnownFileType = sourcecode.swift; path = FiltersModel.swift; sourceTree = "<group>"; };
		390ED14A2902B0FE00F45C27 /* ProductsCell.swift */ = {isa = PBXFileReference; lastKnownFileType = sourcecode.swift; path = ProductsCell.swift; sourceTree = "<group>"; };
		390ED14C2902C1AD00F45C27 /* ProductsMenuCell.swift */ = {isa = PBXFileReference; lastKnownFileType = sourcecode.swift; path = ProductsMenuCell.swift; sourceTree = "<group>"; };
		390ED14F2902D5FF00F45C27 /* CreateSection.swift */ = {isa = PBXFileReference; lastKnownFileType = sourcecode.swift; path = CreateSection.swift; sourceTree = "<group>"; };
		390ED1512902E82B00F45C27 /* ViewControllersHelper.swift */ = {isa = PBXFileReference; lastKnownFileType = sourcecode.swift; path = ViewControllersHelper.swift; sourceTree = "<group>"; };
		391C58842906B6A3003E58F6 /* CartCellCV.swift */ = {isa = PBXFileReference; lastKnownFileType = sourcecode.swift; path = CartCellCV.swift; sourceTree = "<group>"; };
		391C58862906C76A003E58F6 /* PriceCellCV.swift */ = {isa = PBXFileReference; lastKnownFileType = sourcecode.swift; path = PriceCellCV.swift; sourceTree = "<group>"; };
		399AAB2B28F6E82B003B2037 /* E-commerceApp.app */ = {isa = PBXFileReference; explicitFileType = wrapper.application; includeInIndex = 0; path = "E-commerceApp.app"; sourceTree = BUILT_PRODUCTS_DIR; };
		399AAB2E28F6E82B003B2037 /* AppDelegate.swift */ = {isa = PBXFileReference; lastKnownFileType = sourcecode.swift; path = AppDelegate.swift; sourceTree = "<group>"; };
		399AAB3028F6E82B003B2037 /* SceneDelegate.swift */ = {isa = PBXFileReference; lastKnownFileType = sourcecode.swift; path = SceneDelegate.swift; sourceTree = "<group>"; };
		399AAB3228F6E82B003B2037 /* Home.swift */ = {isa = PBXFileReference; lastKnownFileType = sourcecode.swift; path = Home.swift; sourceTree = "<group>"; };
		399AAB3728F6E82C003B2037 /* Assets.xcassets */ = {isa = PBXFileReference; lastKnownFileType = folder.assetcatalog; path = Assets.xcassets; sourceTree = "<group>"; };
		399AAB3A28F6E82C003B2037 /* Base */ = {isa = PBXFileReference; lastKnownFileType = file.storyboard; name = Base; path = Base.lproj/LaunchScreen.storyboard; sourceTree = "<group>"; };
		399AAB3C28F6E82C003B2037 /* Info.plist */ = {isa = PBXFileReference; lastKnownFileType = text.plist.xml; path = Info.plist; sourceTree = "<group>"; };
		399AAB4428F6EAF8003B2037 /* TabBar.swift */ = {isa = PBXFileReference; lastKnownFileType = sourcecode.swift; path = TabBar.swift; sourceTree = "<group>"; };
		399AAB4728F6EB4E003B2037 /* ColorHex.swift */ = {isa = PBXFileReference; lastKnownFileType = sourcecode.swift; path = ColorHex.swift; sourceTree = "<group>"; };
		399AAB4928F6ECA6003B2037 /* ProductCard.swift */ = {isa = PBXFileReference; lastKnownFileType = sourcecode.swift; path = ProductCard.swift; sourceTree = "<group>"; };
		399AAB4C28F706F5003B2037 /* SelfConfiguringCell.swift */ = {isa = PBXFileReference; lastKnownFileType = sourcecode.swift; path = SelfConfiguringCell.swift; sourceTree = "<group>"; };
		399AAB4F28F70788003B2037 /* DiscountsCell.swift */ = {isa = PBXFileReference; lastKnownFileType = sourcecode.swift; path = DiscountsCell.swift; sourceTree = "<group>"; };
		399AAB5228F708EF003B2037 /* NewestCell.swift */ = {isa = PBXFileReference; lastKnownFileType = sourcecode.swift; path = NewestCell.swift; sourceTree = "<group>"; };
		399AAB5428F7091A003B2037 /* TopRatedCell.swift */ = {isa = PBXFileReference; lastKnownFileType = sourcecode.swift; path = TopRatedCell.swift; sourceTree = "<group>"; };
		399AAB5828F72B4B003B2037 /* SearchAndList.swift */ = {isa = PBXFileReference; lastKnownFileType = sourcecode.swift; path = SearchAndList.swift; sourceTree = "<group>"; };
		399AAB5A28F72B93003B2037 /* ShoppingCartCollectionView.swift */ = {isa = PBXFileReference; lastKnownFileType = sourcecode.swift; path = ShoppingCartCollectionView.swift; sourceTree = "<group>"; };
		399AAB5C28F72BCF003B2037 /* Person.swift */ = {isa = PBXFileReference; lastKnownFileType = sourcecode.swift; path = Person.swift; sourceTree = "<group>"; };
		399AAB5E28F84477003B2037 /* Header.swift */ = {isa = PBXFileReference; lastKnownFileType = sourcecode.swift; path = Header.swift; sourceTree = "<group>"; };
		399AAB6228F9782B003B2037 /* DiscountsPopup.swift */ = {isa = PBXFileReference; lastKnownFileType = sourcecode.swift; path = DiscountsPopup.swift; sourceTree = "<group>"; };
		399AAB6828FD99D7003B2037 /* MenuCell.swift */ = {isa = PBXFileReference; lastKnownFileType = sourcecode.swift; path = MenuCell.swift; sourceTree = "<group>"; };
		399AAB6D28FDA02A003B2037 /* ProductsViewController.swift */ = {isa = PBXFileReference; lastKnownFileType = sourcecode.swift; path = ProductsViewController.swift; sourceTree = "<group>"; };
		399AAB6F28FEA8C5003B2037 /* ProductModel.swift */ = {isa = PBXFileReference; lastKnownFileType = sourcecode.swift; path = ProductModel.swift; sourceTree = "<group>"; };
/* End PBXFileReference section */

/* Begin PBXFrameworksBuildPhase section */
		399AAB2828F6E82B003B2037 /* Frameworks */ = {
			isa = PBXFrameworksBuildPhase;
			buildActionMask = 2147483647;
			files = (
			);
			runOnlyForDeploymentPostprocessing = 0;
		};
/* End PBXFrameworksBuildPhase section */

/* Begin PBXGroup section */
		39074545290FEE35004AE0BA /* Sub Views */ = {
			isa = PBXGroup;
			children = (
				399AAB6228F9782B003B2037 /* DiscountsPopup.swift */,
				39074556291A72B7004AE0BA /* NotificationPopup.swift */,
				39074558291A842C004AE0BA /* OrderPopup.swift */,
				39074546290FEE6F004AE0BA /* ImageScrollView.swift */,
				390745682924ED92004AE0BA /* ResultsTableViewController.swift */,
			);
			path = "Sub Views";
			sourceTree = "<group>";
		};
		3907454A2916CA4F004AE0BA /* ViewControllerHelpers */ = {
			isa = PBXGroup;
			children = (
				390ED1512902E82B00F45C27 /* ViewControllersHelper.swift */,
				390ED1432900386900F45C27 /* ViewControllerPreview.swift */,
				39074562291D477F004AE0BA /* DefaultUIClasses.swift */,
			);
			path = ViewControllerHelpers;
			sourceTree = "<group>";
		};
		3907454D2916CAE5004AE0BA /* Shop Models */ = {
			isa = PBXGroup;
			children = (
				3907454829103020004AE0BA /* PersonModel.swift */,
				399AAB6F28FEA8C5003B2037 /* ProductModel.swift */,
				390ED1472901778A00F45C27 /* FiltersModel.swift */,
				3907455B291A9B12004AE0BA /* OrdersModel.swift */,
			);
			path = "Shop Models";
			sourceTree = "<group>";
		};
		3907455F291AA6E7004AE0BA /* CellsForOrders */ = {
			isa = PBXGroup;
			children = (
				39074560291AA71D004AE0BA /* OrderCell.swift */,
			);
			path = CellsForOrders;
			sourceTree = "<group>";
		};
		390ED1492902B0C300F45C27 /* Cells For Products */ = {
			isa = PBXGroup;
			children = (
				390ED14A2902B0FE00F45C27 /* ProductsCell.swift */,
				390ED14C2902C1AD00F45C27 /* ProductsMenuCell.swift */,
			);
			path = "Cells For Products";
			sourceTree = "<group>";
		};
		390ED14E2902D5AE00F45C27 /* CompositionalLayout */ = {
			isa = PBXGroup;
			children = (
				390ED1452901454500F45C27 /* CollectionViewManageData.swift */,
				390ED14F2902D5FF00F45C27 /* CreateSection.swift */,
			);
			path = CompositionalLayout;
			sourceTree = "<group>";
		};
		391C58832906B683003E58F6 /* CellsForCart */ = {
			isa = PBXGroup;
			children = (
				391C58842906B6A3003E58F6 /* CartCellCV.swift */,
				391C58862906C76A003E58F6 /* PriceCellCV.swift */,
				3907455029187790004AE0BA /* CartCellTV.swift */,
				3907455429187B8D004AE0BA /* PriceCellTV.swift */,
			);
			path = CellsForCart;
			sourceTree = "<group>";
		};
		399AAB2228F6E82B003B2037 = {
			isa = PBXGroup;
			children = (
				399AAB2D28F6E82B003B2037 /* E-commerceApp */,
				399AAB2C28F6E82B003B2037 /* Products */,
			);
			sourceTree = "<group>";
		};
		399AAB2C28F6E82B003B2037 /* Products */ = {
			isa = PBXGroup;
			children = (
				399AAB2B28F6E82B003B2037 /* E-commerceApp.app */,
			);
			name = Products;
			sourceTree = "<group>";
		};
		399AAB2D28F6E82B003B2037 /* E-commerceApp */ = {
			isa = PBXGroup;
			children = (
				399AAB4228F6EA4E003B2037 /* Controllers */,
				399AAB4328F6EA69003B2037 /* Models */,
				399AAB4628F6EB24003B2037 /* ExtensionsAndHelpers */,
				399AAB4B28F706D1003B2037 /* Protocols */,
				399AAB2E28F6E82B003B2037 /* AppDelegate.swift */,
				399AAB3028F6E82B003B2037 /* SceneDelegate.swift */,
				399AAB3728F6E82C003B2037 /* Assets.xcassets */,
				399AAB3928F6E82C003B2037 /* LaunchScreen.storyboard */,
				399AAB3C28F6E82C003B2037 /* Info.plist */,
			);
			path = "E-commerceApp";
			sourceTree = "<group>";
		};
		399AAB4228F6EA4E003B2037 /* Controllers */ = {
			isa = PBXGroup;
			children = (
				399AAB6028F9771F003B2037 /* Main Controllers */,
				399AAB6128F97744003B2037 /* Sub Controllers */,
				39074545290FEE35004AE0BA /* Sub Views */,
			);
			path = Controllers;
			sourceTree = "<group>";
		};
		399AAB4328F6EA69003B2037 /* Models */ = {
			isa = PBXGroup;
			children = (
				3907454D2916CAE5004AE0BA /* Shop Models */,
				399AAB4E28F7075B003B2037 /* Cells */,
			);
			path = Models;
			sourceTree = "<group>";
		};
		399AAB4628F6EB24003B2037 /* ExtensionsAndHelpers */ = {
			isa = PBXGroup;
			children = (
				399AAB4728F6EB4E003B2037 /* ColorHex.swift */,
				3907454B2916CA92004AE0BA /* StrikeString.swift */,
				3907456629211E1E004AE0BA /* UIlabel_EasyLayout.swift */,
				390ED14E2902D5AE00F45C27 /* CompositionalLayout */,
				3907454A2916CA4F004AE0BA /* ViewControllerHelpers */,
			);
			path = ExtensionsAndHelpers;
			sourceTree = "<group>";
		};
		399AAB4B28F706D1003B2037 /* Protocols */ = {
			isa = PBXGroup;
			children = (
				399AAB4C28F706F5003B2037 /* SelfConfiguringCell.swift */,
			);
			path = Protocols;
			sourceTree = "<group>";
		};
		399AAB4E28F7075B003B2037 /* Cells */ = {
			isa = PBXGroup;
			children = (
				399AAB6628FD9977003B2037 /* CellsForHome */,
				399AAB6728FD998A003B2037 /* CellsFor SearchAndList */,
				391C58832906B683003E58F6 /* CellsForCart */,
				390ED1492902B0C300F45C27 /* Cells For Products */,
				3907455F291AA6E7004AE0BA /* CellsForOrders */,
			);
			path = Cells;
			sourceTree = "<group>";
		};
		399AAB6028F9771F003B2037 /* Main Controllers */ = {
			isa = PBXGroup;
			children = (
				399AAB4428F6EAF8003B2037 /* TabBar.swift */,
				399AAB3228F6E82B003B2037 /* Home.swift */,
				399AAB5828F72B4B003B2037 /* SearchAndList.swift */,
				3907455229187857004AE0BA /* ShoppingCart.swift */,
				399AAB5C28F72BCF003B2037 /* Person.swift */,
				399AAB5A28F72B93003B2037 /* ShoppingCartCollectionView.swift */,
			);
			path = "Main Controllers";
			sourceTree = "<group>";
		};
		399AAB6128F97744003B2037 /* Sub Controllers */ = {
			isa = PBXGroup;
			children = (
				399AAB6D28FDA02A003B2037 /* ProductsViewController.swift */,
				390ED14128FEC06900F45C27 /* FavoriteProducts.swift */,
				399AAB4928F6ECA6003B2037 /* ProductCard.swift */,
				3907455D291AA117004AE0BA /* Orders.swift */,
				390745642921100E004AE0BA /* CurentOrder.swift */,
			);
			path = "Sub Controllers";
			sourceTree = "<group>";
		};
		399AAB6628FD9977003B2037 /* CellsForHome */ = {
			isa = PBXGroup;
			children = (
				399AAB4F28F70788003B2037 /* DiscountsCell.swift */,
				399AAB5228F708EF003B2037 /* NewestCell.swift */,
				399AAB5428F7091A003B2037 /* TopRatedCell.swift */,
				399AAB5E28F84477003B2037 /* Header.swift */,
			);
			path = CellsForHome;
			sourceTree = "<group>";
		};
		399AAB6728FD998A003B2037 /* CellsFor SearchAndList */ = {
			isa = PBXGroup;
			children = (
				399AAB6828FD99D7003B2037 /* MenuCell.swift */,
			);
			path = "CellsFor SearchAndList";
			sourceTree = "<group>";
		};
/* End PBXGroup section */

/* Begin PBXNativeTarget section */
		399AAB2A28F6E82B003B2037 /* E-commerceApp */ = {
			isa = PBXNativeTarget;
			buildConfigurationList = 399AAB3F28F6E82C003B2037 /* Build configuration list for PBXNativeTarget "E-commerceApp" */;
			buildPhases = (
				399AAB2728F6E82B003B2037 /* Sources */,
				399AAB2828F6E82B003B2037 /* Frameworks */,
				399AAB2928F6E82B003B2037 /* Resources */,
			);
			buildRules = (
			);
			dependencies = (
			);
			name = "E-commerceApp";
			productName = "E-commerceApp";
			productReference = 399AAB2B28F6E82B003B2037 /* E-commerceApp.app */;
			productType = "com.apple.product-type.application";
		};
/* End PBXNativeTarget section */

/* Begin PBXProject section */
		399AAB2328F6E82B003B2037 /* Project object */ = {
			isa = PBXProject;
			attributes = {
				BuildIndependentTargetsInParallel = 1;
				LastSwiftUpdateCheck = 1400;
				LastUpgradeCheck = 1400;
				TargetAttributes = {
					399AAB2A28F6E82B003B2037 = {
						CreatedOnToolsVersion = 14.0;
					};
				};
			};
			buildConfigurationList = 399AAB2628F6E82B003B2037 /* Build configuration list for PBXProject "E-commerceApp" */;
			compatibilityVersion = "Xcode 14.0";
			developmentRegion = en;
			hasScannedForEncodings = 0;
			knownRegions = (
				en,
				Base,
			);
			mainGroup = 399AAB2228F6E82B003B2037;
			productRefGroup = 399AAB2C28F6E82B003B2037 /* Products */;
			projectDirPath = "";
			projectRoot = "";
			targets = (
				399AAB2A28F6E82B003B2037 /* E-commerceApp */,
			);
		};
/* End PBXProject section */

/* Begin PBXResourcesBuildPhase section */
		399AAB2928F6E82B003B2037 /* Resources */ = {
			isa = PBXResourcesBuildPhase;
			buildActionMask = 2147483647;
			files = (
				399AAB3B28F6E82C003B2037 /* LaunchScreen.storyboard in Resources */,
				399AAB3828F6E82C003B2037 /* Assets.xcassets in Resources */,
			);
			runOnlyForDeploymentPostprocessing = 0;
		};
/* End PBXResourcesBuildPhase section */

/* Begin PBXSourcesBuildPhase section */
		399AAB2728F6E82B003B2037 /* Sources */ = {
			isa = PBXSourcesBuildPhase;
			buildActionMask = 2147483647;
			files = (
				390ED14228FEC06900F45C27 /* FavoriteProducts.swift in Sources */,
				391C58872906C76A003E58F6 /* PriceCellCV.swift in Sources */,
				399AAB4D28F706F5003B2037 /* SelfConfiguringCell.swift in Sources */,
				390ED14D2902C1AD00F45C27 /* ProductsMenuCell.swift in Sources */,
				39074557291A72B7004AE0BA /* NotificationPopup.swift in Sources */,
				3907454C2916CA92004AE0BA /* StrikeString.swift in Sources */,
				3907455E291AA117004AE0BA /* Orders.swift in Sources */,
				390745692924ED92004AE0BA /* ResultsTableViewController.swift in Sources */,
				390ED14B2902B0FE00F45C27 /* ProductsCell.swift in Sources */,
				3907456729211E1E004AE0BA /* UIlabel_EasyLayout.swift in Sources */,
				3907455129187790004AE0BA /* CartCellTV.swift in Sources */,
				399AAB3328F6E82B003B2037 /* Home.swift in Sources */,
				39074563291D477F004AE0BA /* DefaultUIClasses.swift in Sources */,
				399AAB5028F70788003B2037 /* DiscountsCell.swift in Sources */,
				399AAB4828F6EB4E003B2037 /* ColorHex.swift in Sources */,
				39074559291A842C004AE0BA /* OrderPopup.swift in Sources */,
				390745652921100E004AE0BA /* CurentOrder.swift in Sources */,
				390ED1462901454500F45C27 /* CollectionViewManageData.swift in Sources */,
				399AAB5D28F72BCF003B2037 /* Person.swift in Sources */,
				399AAB6E28FDA02A003B2037 /* ProductsViewController.swift in Sources */,
				399AAB2F28F6E82B003B2037 /* AppDelegate.swift in Sources */,
				3907455529187B8D004AE0BA /* PriceCellTV.swift in Sources */,
				3907454929103020004AE0BA /* PersonModel.swift in Sources */,
				39074561291AA71D004AE0BA /* OrderCell.swift in Sources */,
				399AAB4A28F6ECA6003B2037 /* ProductCard.swift in Sources */,
				390ED1502902D5FF00F45C27 /* CreateSection.swift in Sources */,
				3907455329187857004AE0BA /* ShoppingCart.swift in Sources */,
				399AAB3128F6E82B003B2037 /* SceneDelegate.swift in Sources */,
				399AAB7028FEA8C5003B2037 /* ProductModel.swift in Sources */,
				390ED1442900386900F45C27 /* ViewControllerPreview.swift in Sources */,
				39074547290FEE6F004AE0BA /* ImageScrollView.swift in Sources */,
				3907455C291A9B12004AE0BA /* OrdersModel.swift in Sources */,
				391C58852906B6A3003E58F6 /* CartCellCV.swift in Sources */,
				399AAB4528F6EAF8003B2037 /* TabBar.swift in Sources */,
				399AAB5F28F84477003B2037 /* Header.swift in Sources */,
				399AAB5928F72B4B003B2037 /* SearchAndList.swift in Sources */,
				399AAB5B28F72B93003B2037 /* ShoppingCartCollectionView.swift in Sources */,
				399AAB6328F9782B003B2037 /* DiscountsPopup.swift in Sources */,
				399AAB5528F7091A003B2037 /* TopRatedCell.swift in Sources */,
				390ED1482901778B00F45C27 /* FiltersModel.swift in Sources */,
				399AAB6928FD99D7003B2037 /* MenuCell.swift in Sources */,
				390ED1522902E82B00F45C27 /* ViewControllersHelper.swift in Sources */,
				399AAB5328F708EF003B2037 /* NewestCell.swift in Sources */,
			);
			runOnlyForDeploymentPostprocessing = 0;
		};
/* End PBXSourcesBuildPhase section */

/* Begin PBXVariantGroup section */
		399AAB3928F6E82C003B2037 /* LaunchScreen.storyboard */ = {
			isa = PBXVariantGroup;
			children = (
				399AAB3A28F6E82C003B2037 /* Base */,
			);
			name = LaunchScreen.storyboard;
			sourceTree = "<group>";
		};
/* End PBXVariantGroup section */

/* Begin XCBuildConfiguration section */
		399AAB3D28F6E82C003B2037 /* Debug */ = {
			isa = XCBuildConfiguration;
			buildSettings = {
				ALWAYS_SEARCH_USER_PATHS = NO;
				CLANG_ANALYZER_NONNULL = YES;
				CLANG_ANALYZER_NUMBER_OBJECT_CONVERSION = YES_AGGRESSIVE;
				CLANG_CXX_LANGUAGE_STANDARD = "gnu++20";
				CLANG_ENABLE_MODULES = YES;
				CLANG_ENABLE_OBJC_ARC = YES;
				CLANG_ENABLE_OBJC_WEAK = YES;
				CLANG_WARN_BLOCK_CAPTURE_AUTORELEASING = YES;
				CLANG_WARN_BOOL_CONVERSION = YES;
				CLANG_WARN_COMMA = YES;
				CLANG_WARN_CONSTANT_CONVERSION = YES;
				CLANG_WARN_DEPRECATED_OBJC_IMPLEMENTATIONS = YES;
				CLANG_WARN_DIRECT_OBJC_ISA_USAGE = YES_ERROR;
				CLANG_WARN_DOCUMENTATION_COMMENTS = YES;
				CLANG_WARN_EMPTY_BODY = YES;
				CLANG_WARN_ENUM_CONVERSION = YES;
				CLANG_WARN_INFINITE_RECURSION = YES;
				CLANG_WARN_INT_CONVERSION = YES;
				CLANG_WARN_NON_LITERAL_NULL_CONVERSION = YES;
				CLANG_WARN_OBJC_IMPLICIT_RETAIN_SELF = YES;
				CLANG_WARN_OBJC_LITERAL_CONVERSION = YES;
				CLANG_WARN_OBJC_ROOT_CLASS = YES_ERROR;
				CLANG_WARN_QUOTED_INCLUDE_IN_FRAMEWORK_HEADER = YES;
				CLANG_WARN_RANGE_LOOP_ANALYSIS = YES;
				CLANG_WARN_STRICT_PROTOTYPES = YES;
				CLANG_WARN_SUSPICIOUS_MOVE = YES;
				CLANG_WARN_UNGUARDED_AVAILABILITY = YES_AGGRESSIVE;
				CLANG_WARN_UNREACHABLE_CODE = YES;
				CLANG_WARN__DUPLICATE_METHOD_MATCH = YES;
				COPY_PHASE_STRIP = NO;
				DEBUG_INFORMATION_FORMAT = dwarf;
				ENABLE_STRICT_OBJC_MSGSEND = YES;
				ENABLE_TESTABILITY = YES;
				GCC_C_LANGUAGE_STANDARD = gnu11;
				GCC_DYNAMIC_NO_PIC = NO;
				GCC_NO_COMMON_BLOCKS = YES;
				GCC_OPTIMIZATION_LEVEL = 0;
				GCC_PREPROCESSOR_DEFINITIONS = (
					"DEBUG=1",
					"$(inherited)",
				);
				GCC_WARN_64_TO_32_BIT_CONVERSION = YES;
				GCC_WARN_ABOUT_RETURN_TYPE = YES_ERROR;
				GCC_WARN_UNDECLARED_SELECTOR = YES;
				GCC_WARN_UNINITIALIZED_AUTOS = YES_AGGRESSIVE;
				GCC_WARN_UNUSED_FUNCTION = YES;
				GCC_WARN_UNUSED_VARIABLE = YES;
				IPHONEOS_DEPLOYMENT_TARGET = 15.0;
				MTL_ENABLE_DEBUG_INFO = INCLUDE_SOURCE;
				MTL_FAST_MATH = YES;
				ONLY_ACTIVE_ARCH = YES;
				SDKROOT = iphoneos;
				SWIFT_ACTIVE_COMPILATION_CONDITIONS = DEBUG;
				SWIFT_OPTIMIZATION_LEVEL = "-Onone";
			};
			name = Debug;
		};
		399AAB3E28F6E82C003B2037 /* Release */ = {
			isa = XCBuildConfiguration;
			buildSettings = {
				ALWAYS_SEARCH_USER_PATHS = NO;
				CLANG_ANALYZER_NONNULL = YES;
				CLANG_ANALYZER_NUMBER_OBJECT_CONVERSION = YES_AGGRESSIVE;
				CLANG_CXX_LANGUAGE_STANDARD = "gnu++20";
				CLANG_ENABLE_MODULES = YES;
				CLANG_ENABLE_OBJC_ARC = YES;
				CLANG_ENABLE_OBJC_WEAK = YES;
				CLANG_WARN_BLOCK_CAPTURE_AUTORELEASING = YES;
				CLANG_WARN_BOOL_CONVERSION = YES;
				CLANG_WARN_COMMA = YES;
				CLANG_WARN_CONSTANT_CONVERSION = YES;
				CLANG_WARN_DEPRECATED_OBJC_IMPLEMENTATIONS = YES;
				CLANG_WARN_DIRECT_OBJC_ISA_USAGE = YES_ERROR;
				CLANG_WARN_DOCUMENTATION_COMMENTS = YES;
				CLANG_WARN_EMPTY_BODY = YES;
				CLANG_WARN_ENUM_CONVERSION = YES;
				CLANG_WARN_INFINITE_RECURSION = YES;
				CLANG_WARN_INT_CONVERSION = YES;
				CLANG_WARN_NON_LITERAL_NULL_CONVERSION = YES;
				CLANG_WARN_OBJC_IMPLICIT_RETAIN_SELF = YES;
				CLANG_WARN_OBJC_LITERAL_CONVERSION = YES;
				CLANG_WARN_OBJC_ROOT_CLASS = YES_ERROR;
				CLANG_WARN_QUOTED_INCLUDE_IN_FRAMEWORK_HEADER = YES;
				CLANG_WARN_RANGE_LOOP_ANALYSIS = YES;
				CLANG_WARN_STRICT_PROTOTYPES = YES;
				CLANG_WARN_SUSPICIOUS_MOVE = YES;
				CLANG_WARN_UNGUARDED_AVAILABILITY = YES_AGGRESSIVE;
				CLANG_WARN_UNREACHABLE_CODE = YES;
				CLANG_WARN__DUPLICATE_METHOD_MATCH = YES;
				COPY_PHASE_STRIP = NO;
				DEBUG_INFORMATION_FORMAT = "dwarf-with-dsym";
				ENABLE_NS_ASSERTIONS = NO;
				ENABLE_STRICT_OBJC_MSGSEND = YES;
				GCC_C_LANGUAGE_STANDARD = gnu11;
				GCC_NO_COMMON_BLOCKS = YES;
				GCC_WARN_64_TO_32_BIT_CONVERSION = YES;
				GCC_WARN_ABOUT_RETURN_TYPE = YES_ERROR;
				GCC_WARN_UNDECLARED_SELECTOR = YES;
				GCC_WARN_UNINITIALIZED_AUTOS = YES_AGGRESSIVE;
				GCC_WARN_UNUSED_FUNCTION = YES;
				GCC_WARN_UNUSED_VARIABLE = YES;
				IPHONEOS_DEPLOYMENT_TARGET = 15.0;
				MTL_ENABLE_DEBUG_INFO = NO;
				MTL_FAST_MATH = YES;
				SDKROOT = iphoneos;
				SWIFT_COMPILATION_MODE = wholemodule;
				SWIFT_OPTIMIZATION_LEVEL = "-O";
				VALIDATE_PRODUCT = YES;
			};
			name = Release;
		};
		399AAB4028F6E82C003B2037 /* Debug */ = {
			isa = XCBuildConfiguration;
			buildSettings = {
				ASSETCATALOG_COMPILER_APPICON_NAME = AppIcon;
				ASSETCATALOG_COMPILER_GLOBAL_ACCENT_COLOR_NAME = AccentColor;
				CODE_SIGN_STYLE = Automatic;
				CURRENT_PROJECT_VERSION = 1;
				DEVELOPMENT_TEAM = Z77PMGH233;
				GENERATE_INFOPLIST_FILE = YES;
				INFOPLIST_FILE = "E-commerceApp/Info.plist";
				INFOPLIST_KEY_UIApplicationSupportsIndirectInputEvents = YES;
				INFOPLIST_KEY_UILaunchStoryboardName = LaunchScreen;
				INFOPLIST_KEY_UIRequiresFullScreen = YES;
				INFOPLIST_KEY_UISupportedInterfaceOrientations = "UIInterfaceOrientationLandscapeLeft UIInterfaceOrientationLandscapeRight UIInterfaceOrientationPortrait";
				INFOPLIST_KEY_UIUserInterfaceStyle = Light;
				IPHONEOS_DEPLOYMENT_TARGET = 15.0;
				LD_RUNPATH_SEARCH_PATHS = (
					"$(inherited)",
					"@executable_path/Frameworks",
				);
				MARKETING_VERSION = 1.0;
				PRODUCT_BUNDLE_IDENTIFIER = "com.AV.E-commerceApp";
				PRODUCT_NAME = "$(TARGET_NAME)";
				SUPPORTED_PLATFORMS = "iphoneos iphonesimulator";
				SUPPORTS_MACCATALYST = NO;
				SUPPORTS_MAC_DESIGNED_FOR_IPHONE_IPAD = NO;
				SWIFT_EMIT_LOC_STRINGS = YES;
				SWIFT_VERSION = 5.0;
				TARGETED_DEVICE_FAMILY = "1,2";
			};
			name = Debug;
		};
		399AAB4128F6E82C003B2037 /* Release */ = {
			isa = XCBuildConfiguration;
			buildSettings = {
				ASSETCATALOG_COMPILER_APPICON_NAME = AppIcon;
				ASSETCATALOG_COMPILER_GLOBAL_ACCENT_COLOR_NAME = AccentColor;
				CODE_SIGN_STYLE = Automatic;
				CURRENT_PROJECT_VERSION = 1;
				DEVELOPMENT_TEAM = Z77PMGH233;
				GENERATE_INFOPLIST_FILE = YES;
				INFOPLIST_FILE = "E-commerceApp/Info.plist";
				INFOPLIST_KEY_UIApplicationSupportsIndirectInputEvents = YES;
				INFOPLIST_KEY_UILaunchStoryboardName = LaunchScreen;
				INFOPLIST_KEY_UIRequiresFullScreen = YES;
				INFOPLIST_KEY_UISupportedInterfaceOrientations = "UIInterfaceOrientationLandscapeLeft UIInterfaceOrientationLandscapeRight UIInterfaceOrientationPortrait";
				INFOPLIST_KEY_UIUserInterfaceStyle = Light;
				IPHONEOS_DEPLOYMENT_TARGET = 15.0;
				LD_RUNPATH_SEARCH_PATHS = (
					"$(inherited)",
					"@executable_path/Frameworks",
				);
				MARKETING_VERSION = 1.0;
				PRODUCT_BUNDLE_IDENTIFIER = "com.AV.E-commerceApp";
				PRODUCT_NAME = "$(TARGET_NAME)";
				SUPPORTED_PLATFORMS = "iphoneos iphonesimulator";
				SUPPORTS_MACCATALYST = NO;
				SUPPORTS_MAC_DESIGNED_FOR_IPHONE_IPAD = NO;
				SWIFT_EMIT_LOC_STRINGS = YES;
				SWIFT_VERSION = 5.0;
				TARGETED_DEVICE_FAMILY = "1,2";
			};
			name = Release;
		};
/* End XCBuildConfiguration section */

/* Begin XCConfigurationList section */
		399AAB2628F6E82B003B2037 /* Build configuration list for PBXProject "E-commerceApp" */ = {
			isa = XCConfigurationList;
			buildConfigurations = (
				399AAB3D28F6E82C003B2037 /* Debug */,
				399AAB3E28F6E82C003B2037 /* Release */,
			);
			defaultConfigurationIsVisible = 0;
			defaultConfigurationName = Release;
		};
		399AAB3F28F6E82C003B2037 /* Build configuration list for PBXNativeTarget "E-commerceApp" */ = {
			isa = XCConfigurationList;
			buildConfigurations = (
				399AAB4028F6E82C003B2037 /* Debug */,
				399AAB4128F6E82C003B2037 /* Release */,
			);
			defaultConfigurationIsVisible = 0;
			defaultConfigurationName = Release;
		};
/* End XCConfigurationList section */
	};
	rootObject = 399AAB2328F6E82B003B2037 /* Project object */;
}
